
Microsoft Visual Studio Solution File, Format Version 12.00
# Visual Studio 14
VisualStudioVersion = 14.0.24720.0
MinimumVisualStudioVersion = 10.0.40219.1
Project("{FAE04EC0-301F-11D3-BF4B-00C04F79EFBC}") = "ProP-app-loaning", "ProP-app-loaning\ProP-app-loaning.csproj", "{90171FFF-9B38-4E49-AC0E-4C039CC2A7AB}"
EndProject
Global
	GlobalSection(SolutionConfigurationPlatforms) = preSolution
		Debug|Any CPU = Debug|Any CPU
		Release|Any CPU = Release|Any CPU
	EndGlobalSection
	GlobalSection(ProjectConfigurationPlatforms) = postSolution
		{90171FFF-9B38-4E49-AC0E-4C039CC2A7AB}.Debug|Any CPU.ActiveCfg = Debug|Any CPU
		{90171FFF-9B38-4E49-AC0E-4C039CC2A7AB}.Debug|Any CPU.Build.0 = Debug|Any CPU
		{90171FFF-9B38-4E49-AC0E-4C039CC2A7AB}.Release|Any CPU.ActiveCfg = Release|Any CPU
		{90171FFF-9B38-4E49-AC0E-4C039CC2A7AB}.Release|Any CPU.Build.0 = Release|Any CPU
	EndGlobalSection
	GlobalSection(SolutionProperties) = preSolution
		HideSolutionNode = FALSE
	EndGlobalSection
EndGlobal
